
Microsoft Visual Studio Solution File, Format Version 12.00
# Visual Studio Version 17
VisualStudioVersion = 17.9.34607.119
MinimumVisualStudioVersion = 10.0.40219.1
Project("{8BC9CEB8-8B4A-11D0-8D11-00A0C91BC942}") = "FirstConsoleApplication", "FirstConsoleApplication\FirstConsoleApplication.vcxproj", "{FDCCCB33-708B-49BC-8188-83F9CEB97075}"
EndProject
Global
	GlobalSection(SolutionConfigurationPlatforms) = preSolution
		Debug|x64 = Debug|x64
		Debug|x86 = Debug|x86
		Release|x64 = Release|x64
		Release|x86 = Release|x86
	EndGlobalSection
	GlobalSection(ProjectConfigurationPlatforms) = postSolution
		{FDCCCB33-708B-49BC-8188-83F9CEB97075}.Debug|x64.ActiveCfg = Debug|x64
		{FDCCCB33-708B-49BC-8188-83F9CEB97075}.Debug|x64.Build.0 = Debug|x64
		{FDCCCB33-708B-49BC-8188-83F9CEB97075}.Debug|x86.ActiveCfg = Debug|Win32
		{FDCCCB33-708B-49BC-8188-83F9CEB97075}.Debug|x86.Build.0 = Debug|Win32
		{FDCCCB33-708B-49BC-8188-83F9CEB97075}.Release|x64.ActiveCfg = Release|x64
		{FDCCCB33-708B-49BC-8188-83F9CEB97075}.Release|x64.Build.0 = Release|x64
		{FDCCCB33-708B-49BC-8188-83F9CEB97075}.Release|x86.ActiveCfg = Release|Win32
		{FDCCCB33-708B-49BC-8188-83F9CEB97075}.Release|x86.Build.0 = Release|Win32
	EndGlobalSection
	GlobalSection(SolutionProperties) = preSolution
		HideSolutionNode = FALSE
	EndGlobalSection
	GlobalSection(ExtensibilityGlobals) = postSolution
		SolutionGuid = {0E4919B6-2E3D-45B8-926C-3FA9695C0DC8}
	EndGlobalSection
EndGlobal
